{
    "name": "zhufenglesson",
    "version": "1.0.0",
    "lockfileVersion": 1,
    "requires": true,
    "dependencies": {
        "@babel/runtime": {
            "version": "7.12.5",
            "resolved": "http://192.168.197.95:18081/repository/npm-group/@babel/runtime/-/runtime-7.12.5.tgz",
            "integrity": "sha1-QQ5+SHRB4bNgwpvnFdhw2bmFiC4=",
            "requires": {
                "regenerator-runtime": "^0.13.4"
            }
        },
        "@vant/icons": {
            "version": "1.4.0",
            "resolved": "http://192.168.197.95:18081/repository/npm-group/@vant/icons/-/icons-1.4.0.tgz",
            "integrity": "sha1-qR94lPLzQ1b3il1vi51PGkat0MU="
        },
        "@vant/use": {
            "version": "0.1.0",
            "resolved": "http://192.168.197.95:18081/repository/npm-group/@vant/use/-/use-0.1.0.tgz",
            "integrity": "sha1-fSAgqn5auS1X3qRssk3ZATx+rO4="
        },
        "co": {
            "version": "4.6.0",
            "resolved": "https://registry.npmjs.org/co/-/co-4.6.0.tgz",
            "integrity": "sha1-bqa989hTrlTMuOR7+gvz+QMfsYQ=",
            "dev": true
        },
        "regenerator-runtime": {
            "version": "0.13.7",
            "resolved": "http://192.168.197.95:18081/repository/npm-group/regenerator-runtime/-/regenerator-runtime-0.13.7.tgz",
            "integrity": "sha1-ysLazIoepnX+qrrriugziYrkb1U="
        },
        "vant": {
            "version": "3.0.0-beta.8",
            "resolved": "http://192.168.197.95:18081/repository/npm-group/vant/-/vant-3.0.0-beta.8.tgz",
            "integrity": "sha1-zqnE0coFuW65ke/E2mqrQX5KEF8=",
            "requires": {
                "@babel/runtime": "7.x",
                "@vant/icons": "1.4.0",
                "@vant/use": "^0.1.0",
                "vue-lazyload": "1.2.3"
            }
        },
        "vue-lazyload": {
            "version": "1.2.3",
            "resolved": "http://192.168.197.95:18081/repository/npm-group/vue-lazyload/-/vue-lazyload-1.2.3.tgz",
            "integrity": "sha1-kB+ewVx+bKeHgaK65KNDaGve2yw="
        }
    }
}
